
Microsoft Visual Studio Solution File, Format Version 12.00
# Visual Studio Version 17
VisualStudioVersion = 17.3.32929.385
MinimumVisualStudioVersion = 10.0.40219.1
Project("{8BC9CEB8-8B4A-11D0-8D11-00A0C91BC942}") = "7.7  Container", "7.7  Container\7.7  Container.vcxproj", "{36F0E6E0-9AEF-4A62-9DB3-896DA1CE57CB}"
EndProject
Global
	GlobalSection(SolutionConfigurationPlatforms) = preSolution
		Debug|x64 = Debug|x64
		Debug|x86 = Debug|x86
		Release|x64 = Release|x64
		Release|x86 = Release|x86
	EndGlobalSection
	GlobalSection(ProjectConfigurationPlatforms) = postSolution
		{36F0E6E0-9AEF-4A62-9DB3-896DA1CE57CB}.Debug|x64.ActiveCfg = Debug|x64
		{36F0E6E0-9AEF-4A62-9DB3-896DA1CE57CB}.Debug|x64.Build.0 = Debug|x64
		{36F0E6E0-9AEF-4A62-9DB3-896DA1CE57CB}.Debug|x86.ActiveCfg = Debug|Win32
		{36F0E6E0-9AEF-4A62-9DB3-896DA1CE57CB}.Debug|x86.Build.0 = Debug|Win32
		{36F0E6E0-9AEF-4A62-9DB3-896DA1CE57CB}.Release|x64.ActiveCfg = Release|x64
		{36F0E6E0-9AEF-4A62-9DB3-896DA1CE57CB}.Release|x64.Build.0 = Release|x64
		{36F0E6E0-9AEF-4A62-9DB3-896DA1CE57CB}.Release|x86.ActiveCfg = Release|Win32
		{36F0E6E0-9AEF-4A62-9DB3-896DA1CE57CB}.Release|x86.Build.0 = Release|Win32
	EndGlobalSection
	GlobalSection(SolutionProperties) = preSolution
		HideSolutionNode = FALSE
	EndGlobalSection
	GlobalSection(ExtensibilityGlobals) = postSolution
		SolutionGuid = {911C5665-8837-45A2-AC6A-63C8AFF9DBA0}
	EndGlobalSection
EndGlobal
